github.com/karsinogenic/summod_kodehive v0.0.0-20220309112829-71fdbb36fafe h1:umQoyhRRCh+nB8PNB7zEimnVJVxcwfL/sNaXd7oRek0=
github.com/karsinogenic/summod_kodehive v0.0.0-20220309112829-71fdbb36fafe/go.mod h1:PZhZ+1t6xZs4dzLg6KuTBhH6wYt7oeijNKJ696JmA6E=
github.com/karsinogenic/summod_kodehive v1.1.0 h1:9iTees2sepm+qvZ6iXpPEZCGV6z1Mj+rL0uimaLWhd0=
github.com/karsinogenic/summod_kodehive v1.1.0/go.mod h1:PZhZ+1t6xZs4dzLg6KuTBhH6wYt7oeijNKJ696JmA6E=
